
Microsoft Visual Studio Solution File, Format Version 12.00
# Visual Studio Version 16
VisualStudioVersion = 16.0.30114.105
MinimumVisualStudioVersion = 10.0.40219.1
Project("{FAE04EC0-301F-11D3-BF4B-00C04F79EFBC}") = "ReCJKLine", "ReCJKLine\ReCJKLine.csproj", "{655B6F84-3A99-451E-927B-E12BE94F1E15}"
EndProject
Project("{FAE04EC0-301F-11D3-BF4B-00C04F79EFBC}") = "Sample", "Sample\Sample.csproj", "{9D55CA07-C05F-49A8-8616-0042A8454F74}"
EndProject
Global
	GlobalSection(SolutionConfigurationPlatforms) = preSolution
		Debug|Any CPU = Debug|Any CPU
		Release|Any CPU = Release|Any CPU
	EndGlobalSection
	GlobalSection(SolutionProperties) = preSolution
		HideSolutionNode = FALSE
	EndGlobalSection
	GlobalSection(ProjectConfigurationPlatforms) = postSolution
		{655B6F84-3A99-451E-927B-E12BE94F1E15}.Debug|Any CPU.ActiveCfg = Debug|Any CPU
		{655B6F84-3A99-451E-927B-E12BE94F1E15}.Debug|Any CPU.Build.0 = Debug|Any CPU
		{655B6F84-3A99-451E-927B-E12BE94F1E15}.Release|Any CPU.ActiveCfg = Release|Any CPU
		{655B6F84-3A99-451E-927B-E12BE94F1E15}.Release|Any CPU.Build.0 = Release|Any CPU
		{9D55CA07-C05F-49A8-8616-0042A8454F74}.Debug|Any CPU.ActiveCfg = Debug|Any CPU
		{9D55CA07-C05F-49A8-8616-0042A8454F74}.Debug|Any CPU.Build.0 = Debug|Any CPU
		{9D55CA07-C05F-49A8-8616-0042A8454F74}.Release|Any CPU.ActiveCfg = Release|Any CPU
		{9D55CA07-C05F-49A8-8616-0042A8454F74}.Release|Any CPU.Build.0 = Release|Any CPU
	EndGlobalSection
EndGlobal
